
Microsoft Visual Studio Solution File, Format Version 12.00
# Visual Studio Version 17
VisualStudioVersion = 17.0.31903.59
MinimumVisualStudioVersion = 10.0.40219.1
Project("{FAE04EC0-301F-11D3-BF4B-00C04F79EFBC}") = "LibreHardwareService.ShowSensors", "showsensors\LibreHardwareService.ShowSensors.csproj", "{0066A3A2-D24E-4501-9C21-0F3196D6BD99}"
EndProject
Project("{FAE04EC0-301F-11D3-BF4B-00C04F79EFBC}") = "LibreHardwareService", "service\LibreHardwareService.csproj", "{62D4D430-DDD8-4EF7-A7D4-93EFAE9645CE}"
EndProject
Project("{B7DD6F7E-DEF8-4E67-B5B7-07EF123DB6F0}") = "LibreHardwareService.Installer", "installer\LibreHardwareService.Installer.csproj", "{523E332A-26FE-4A91-B3B2-6F0785DC5C9D}"
EndProject
Global
	GlobalSection(SolutionConfigurationPlatforms) = preSolution
		Debug|Any CPU = Debug|Any CPU
		Release|Any CPU = Release|Any CPU
	EndGlobalSection
	GlobalSection(SolutionProperties) = preSolution
		HideSolutionNode = FALSE
	EndGlobalSection
	GlobalSection(ProjectConfigurationPlatforms) = postSolution
		{0066A3A2-D24E-4501-9C21-0F3196D6BD99}.Debug|Any CPU.ActiveCfg = Debug|Any CPU
		{0066A3A2-D24E-4501-9C21-0F3196D6BD99}.Debug|Any CPU.Build.0 = Debug|Any CPU
		{0066A3A2-D24E-4501-9C21-0F3196D6BD99}.Release|Any CPU.ActiveCfg = Release|Any CPU
		{0066A3A2-D24E-4501-9C21-0F3196D6BD99}.Release|Any CPU.Build.0 = Release|Any CPU
		{62D4D430-DDD8-4EF7-A7D4-93EFAE9645CE}.Debug|Any CPU.ActiveCfg = Debug|Any CPU
		{62D4D430-DDD8-4EF7-A7D4-93EFAE9645CE}.Debug|Any CPU.Build.0 = Debug|Any CPU
		{62D4D430-DDD8-4EF7-A7D4-93EFAE9645CE}.Release|Any CPU.ActiveCfg = Release|Any CPU
		{62D4D430-DDD8-4EF7-A7D4-93EFAE9645CE}.Release|Any CPU.Build.0 = Release|Any CPU
	EndGlobalSection
EndGlobal
